Microsoft Visual Studio Solution File, Format Version 7.00
Project("{FAE04EC0-301F-11D3-BF4B-00C04F79EFBC}") = "DimeDataSetService", "http://localhost/DimeDataSetService/DimeDataSetService.csproj", "{1038C60D-927F-40A9-A263-3AD1B26E9173}"
EndProject
Global
	GlobalSection(SolutionConfiguration) = preSolution
		ConfigName.0 = Debug
		ConfigName.1 = Release
	EndGlobalSection
	GlobalSection(ProjectDependencies) = postSolution
	EndGlobalSection
	GlobalSection(ProjectConfiguration) = postSolution
		{1038C60D-927F-40A9-A263-3AD1B26E9173}.Debug.ActiveCfg = Debug|.NET
		{1038C60D-927F-40A9-A263-3AD1B26E9173}.Debug.Build.0 = Debug|.NET
		{1038C60D-927F-40A9-A263-3AD1B26E9173}.Release.ActiveCfg = Release|.NET
		{1038C60D-927F-40A9-A263-3AD1B26E9173}.Release.Build.0 = Release|.NET
	EndGlobalSection
	GlobalSection(ExtensibilityGlobals) = postSolution
	EndGlobalSection
	GlobalSection(ExtensibilityAddIns) = postSolution
	EndGlobalSection
EndGlobal
