
Microsoft Visual Studio Solution File, Format Version 9.00
# Visual Studio 2005
Project("{FAE04EC0-301F-11D3-BF4B-00C04F79EFBC}") = "ICSharpCode.SharpZLib", "src\ICSharpCode.SharpZLib.csproj", "{F880FC22-D7F9-44F4-BD42-9148468AF25F}"
EndProject
Project("{FAE04EC0-301F-11D3-BF4B-00C04F79EFBC}") = "SharpZipLibTests", "tests\SharpZipLibTests.csproj", "{4F9BF21E-A7FC-4005-A1C7-A17108F7010D}"
EndProject
Global
	GlobalSection(SolutionConfigurationPlatforms) = preSolution
		Debug|Any CPU = Debug|Any CPU
		Release|Any CPU = Release|Any CPU
	EndGlobalSection
	GlobalSection(ProjectConfigurationPlatforms) = postSolution
		{F880FC22-D7F9-44F4-BD42-9148468AF25F}.Debug|Any CPU.ActiveCfg = Debug|Any CPU
		{F880FC22-D7F9-44F4-BD42-9148468AF25F}.Debug|Any CPU.Build.0 = Debug|Any CPU
		{F880FC22-D7F9-44F4-BD42-9148468AF25F}.Release|Any CPU.ActiveCfg = Release|Any CPU
		{F880FC22-D7F9-44F4-BD42-9148468AF25F}.Release|Any CPU.Build.0 = Release|Any CPU
		{4F9BF21E-A7FC-4005-A1C7-A17108F7010D}.Debug|Any CPU.ActiveCfg = Debug|Any CPU
		{4F9BF21E-A7FC-4005-A1C7-A17108F7010D}.Debug|Any CPU.Build.0 = Debug|Any CPU
		{4F9BF21E-A7FC-4005-A1C7-A17108F7010D}.Release|Any CPU.ActiveCfg = Release|Any CPU
		{4F9BF21E-A7FC-4005-A1C7-A17108F7010D}.Release|Any CPU.Build.0 = Release|Any CPU
	EndGlobalSection
	GlobalSection(SolutionProperties) = preSolution
		HideSolutionNode = FALSE
	EndGlobalSection
EndGlobal
