
Microsoft Visual Studio Solution File, Format Version 12.00
# Visual Studio Version 16
VisualStudioVersion = 16.0.28705.295
MinimumVisualStudioVersion = 10.0.40219.1
Project("{2150E333-8FDC-42A3-9474-1A3956D46DE8}") = "Solution Configuration", "Solution Configuration", "{F1097E98-4DEB-4A0A-81EE-5CEC667EBDF0}"
	ProjectSection(SolutionItems) = preProject
		.editorconfig = .editorconfig
		.gitattributes = .gitattributes
		.gitignore = .gitignore
		Rebracer.xml = Rebracer.xml
	EndProjectSection
EndProject
Project("{9A19103F-16F7-4668-BE54-9A1E7A4F7556}") = "ICSharpCode.SharpZipLib", "src\ICSharpCode.SharpZipLib\ICSharpCode.SharpZipLib.csproj", "{C53BEB8A-0989-43A7-B3EC-F7028749FA71}"
EndProject
Project("{9A19103F-16F7-4668-BE54-9A1E7A4F7556}") = "ICSharpCode.SharpZipLib.Tests", "test\ICSharpCode.SharpZipLib.Tests\ICSharpCode.SharpZipLib.Tests.csproj", "{82211166-9C45-4603-8E3A-2CA2EFFCBC26}"
EndProject
Project("{9A19103F-16F7-4668-BE54-9A1E7A4F7556}") = "ICSharpCode.SharpZipLib.TestBootstrapper", "test\ICSharpCode.SharpZipLib.TestBootstrapper\ICSharpCode.SharpZipLib.TestBootstrapper.csproj", "{535D7365-C5B1-4253-9233-D72D972CA851}"
EndProject
Project("{9A19103F-16F7-4668-BE54-9A1E7A4F7556}") = "ICSharpCode.SharpZipLib.Benchmark", "benchmark\ICSharpCode.SharpZipLib.Benchmark\ICSharpCode.SharpZipLib.Benchmark.csproj", "{C51E638B-DDD0-48B6-A6BD-EBC4E6A104C7}"
EndProject
Global
	GlobalSection(SolutionConfigurationPlatforms) = preSolution
		Debug|Any CPU = Debug|Any CPU
		Release|Any CPU = Release|Any CPU
	EndGlobalSection
	GlobalSection(ProjectConfigurationPlatforms) = postSolution
		{C53BEB8A-0989-43A7-B3EC-F7028749FA71}.Debug|Any CPU.ActiveCfg = Debug|Any CPU
		{C53BEB8A-0989-43A7-B3EC-F7028749FA71}.Debug|Any CPU.Build.0 = Debug|Any CPU
		{C53BEB8A-0989-43A7-B3EC-F7028749FA71}.Release|Any CPU.ActiveCfg = Release|Any CPU
		{C53BEB8A-0989-43A7-B3EC-F7028749FA71}.Release|Any CPU.Build.0 = Release|Any CPU
		{82211166-9C45-4603-8E3A-2CA2EFFCBC26}.Debug|Any CPU.ActiveCfg = Debug|Any CPU
		{82211166-9C45-4603-8E3A-2CA2EFFCBC26}.Debug|Any CPU.Build.0 = Debug|Any CPU
		{82211166-9C45-4603-8E3A-2CA2EFFCBC26}.Release|Any CPU.ActiveCfg = Release|Any CPU
		{82211166-9C45-4603-8E3A-2CA2EFFCBC26}.Release|Any CPU.Build.0 = Release|Any CPU
		{535D7365-C5B1-4253-9233-D72D972CA851}.Debug|Any CPU.ActiveCfg = Debug|Any CPU
		{535D7365-C5B1-4253-9233-D72D972CA851}.Debug|Any CPU.Build.0 = Debug|Any CPU
		{535D7365-C5B1-4253-9233-D72D972CA851}.Release|Any CPU.ActiveCfg = Release|Any CPU
		{535D7365-C5B1-4253-9233-D72D972CA851}.Release|Any CPU.Build.0 = Release|Any CPU
		{C51E638B-DDD0-48B6-A6BD-EBC4E6A104C7}.Debug|Any CPU.ActiveCfg = Debug|Any CPU
		{C51E638B-DDD0-48B6-A6BD-EBC4E6A104C7}.Debug|Any CPU.Build.0 = Debug|Any CPU
		{C51E638B-DDD0-48B6-A6BD-EBC4E6A104C7}.Release|Any CPU.ActiveCfg = Release|Any CPU
		{C51E638B-DDD0-48B6-A6BD-EBC4E6A104C7}.Release|Any CPU.Build.0 = Release|Any CPU
	EndGlobalSection
	GlobalSection(SolutionProperties) = preSolution
		HideSolutionNode = FALSE
	EndGlobalSection
	GlobalSection(ExtensibilityGlobals) = postSolution
		SolutionGuid = {0A049193-65F8-49AF-82CB-75D42563DA16}
	EndGlobalSection
EndGlobal
