
Microsoft Visual Studio Solution File, Format Version 12.00
# Visual Studio 14
VisualStudioVersion = 14.0.25420.1
MinimumVisualStudioVersion = 10.0.40219.1
Project("{2150E333-8FDC-42A3-9474-1A3956D46DE8}") = "Solution Configuration", "Solution Configuration", "{F1097E98-4DEB-4A0A-81EE-5CEC667EBDF0}"
	ProjectSection(SolutionItems) = preProject
		.editorconfig = .editorconfig
		.gitattributes = .gitattributes
		.gitignore = .gitignore
		Rebracer.xml = Rebracer.xml
	EndProjectSection
EndProject
Project("{8BB2217D-0F2D-49D1-97BC-3654ED321F3B}") = "ICSharpCode.SharpZipLib", "ICSharpCode.SharpZipLib\ICSharpCode.SharpZipLib.xproj", "{0E7413FF-EB9E-4714-ACF2-BE3A6A7B2FFD}"
EndProject
Project("{8BB2217D-0F2D-49D1-97BC-3654ED321F3B}") = "ICSharpCode.SharpZipLib.Tests", "ICSharpCode.SharpZipLib.Tests\ICSharpCode.SharpZipLib.Tests.xproj", "{82211166-9C45-4603-8E3A-2CA2EFFCBC26}"
EndProject
Global
	GlobalSection(SolutionConfigurationPlatforms) = preSolution
		Debug|Any CPU = Debug|Any CPU
		Release|Any CPU = Release|Any CPU
	EndGlobalSection
	GlobalSection(ProjectConfigurationPlatforms) = postSolution
		{0E7413FF-EB9E-4714-ACF2-BE3A6A7B2FFD}.Debug|Any CPU.ActiveCfg = Debug|Any CPU
		{0E7413FF-EB9E-4714-ACF2-BE3A6A7B2FFD}.Debug|Any CPU.Build.0 = Debug|Any CPU
		{0E7413FF-EB9E-4714-ACF2-BE3A6A7B2FFD}.Release|Any CPU.ActiveCfg = Release|Any CPU
		{0E7413FF-EB9E-4714-ACF2-BE3A6A7B2FFD}.Release|Any CPU.Build.0 = Release|Any CPU
		{82211166-9C45-4603-8E3A-2CA2EFFCBC26}.Debug|Any CPU.ActiveCfg = Debug|Any CPU
		{82211166-9C45-4603-8E3A-2CA2EFFCBC26}.Debug|Any CPU.Build.0 = Debug|Any CPU
		{82211166-9C45-4603-8E3A-2CA2EFFCBC26}.Release|Any CPU.ActiveCfg = Release|Any CPU
		{82211166-9C45-4603-8E3A-2CA2EFFCBC26}.Release|Any CPU.Build.0 = Release|Any CPU
	EndGlobalSection
	GlobalSection(SolutionProperties) = preSolution
		HideSolutionNode = FALSE
	EndGlobalSection
EndGlobal
