
Microsoft Visual Studio Solution File, Format Version 9.00
# Visual Studio 2005
# SharpDevelop 2.2.0.2595
Project("{F184B08F-C81C-45F6-A57F-5ABD9991F28F}") = "viewzipfile", "viewzipfile.vbproj", "{DB53264C-64AD-4B43-91A9-F5325561C77B}"
EndProject
Global
	GlobalSection(SolutionConfigurationPlatforms) = preSolution
		Debug|Any CPU = Debug|Any CPU
		Release|Any CPU = Release|Any CPU
	EndGlobalSection
	GlobalSection(ProjectConfigurationPlatforms) = postSolution
		{DB53264C-64AD-4B43-91A9-F5325561C77B}.Debug|Any CPU.Build.0 = Debug|Any CPU
		{DB53264C-64AD-4B43-91A9-F5325561C77B}.Debug|Any CPU.ActiveCfg = Debug|Any CPU
		{DB53264C-64AD-4B43-91A9-F5325561C77B}.Release|Any CPU.Build.0 = Release|Any CPU
		{DB53264C-64AD-4B43-91A9-F5325561C77B}.Release|Any CPU.ActiveCfg = Release|Any CPU
	EndGlobalSection
EndGlobal
