
Microsoft Visual Studio Solution File, Format Version 12.00
# Visual Studio 14
VisualStudioVersion = 14.0.25420.1
MinimumVisualStudioVersion = 10.0.40219.1
Project("{2150E333-8FDC-42A3-9474-1A3956D46DE8}") = "CS", "CS", "{07E37AC9-4F01-4D1D-B5CB-6524CA36D22A}"
EndProject
Project("{2150E333-8FDC-42A3-9474-1A3956D46DE8}") = "VB", "VB", "{F2D07126-17F2-4EBE-910D-B3838DA7C6D3}"
EndProject
Project("{F184B08F-C81C-45F6-A57F-5ABD9991F28F}") = "CreateZipFile", "vb\CreateZipFile\CreateZipFile.vbproj", "{1B2FD768-E530-45B7-B14F-AE5D07B24485}"
EndProject
Project("{F184B08F-C81C-45F6-A57F-5ABD9991F28F}") = "minibzip2", "vb\minibzip2\minibzip2.vbproj", "{E4AFB41C-DDBB-44AD-9D64-304B7FEE66C9}"
EndProject
Project("{F184B08F-C81C-45F6-A57F-5ABD9991F28F}") = "ViewZipFile", "vb\viewzipfile\ViewZipFile.vbproj", "{DB53264C-64AD-4B43-91A9-F5325561C77B}"
EndProject
Project("{F184B08F-C81C-45F6-A57F-5ABD9991F28F}") = "ZipFileTest", "vb\zipfiletest\ZipFileTest.vbproj", "{54057AFD-35E2-48C3-8419-45D57C351C1F}"
EndProject
Project("{F184B08F-C81C-45F6-A57F-5ABD9991F28F}") = "WpfCreateZipFile", "vb\WpfCreateZipFile\WpfCreateZipFile.vbproj", "{2B42AA12-DD23-4EB8-A1CD-5D0F4B772895}"
EndProject
Project("{FAE04EC0-301F-11D3-BF4B-00C04F79EFBC}") = "CreateZipFile", "cs\CreateZipFile\CreateZipFile.csproj", "{DF63551E-BB6C-4A8D-9B01-DB94F721E74A}"
EndProject
Project("{FAE04EC0-301F-11D3-BF4B-00C04F79EFBC}") = "FastZip", "cs\FastZip\FastZip.csproj", "{61BE8DBC-149A-4564-B891-9EEA4A09ED12}"
EndProject
Project("{FAE04EC0-301F-11D3-BF4B-00C04F79EFBC}") = "sz", "cs\sz\sz.csproj", "{CE0CEA62-CC91-4D17-BC57-A5FCACCA6A1F}"
EndProject
Project("{FAE04EC0-301F-11D3-BF4B-00C04F79EFBC}") = "zf", "cs\zf\zf.csproj", "{90E83588-261C-45A3-964F-4B707357D437}"
EndProject
Project("{FAE04EC0-301F-11D3-BF4B-00C04F79EFBC}") = "UnZipFile", "cs\unzipfile\UnZipFile.csproj", "{DE6AA83B-1EFA-41B0-85D9-49DA1B0202BC}"
EndProject
Project("{FAE04EC0-301F-11D3-BF4B-00C04F79EFBC}") = "ViewZipFile", "cs\viewzipfile\ViewZipFile.csproj", "{F356B460-0DEA-4F7D-9CD8-7475B9BEC1F7}"
EndProject
Project("{FAE04EC0-301F-11D3-BF4B-00C04F79EFBC}") = "Cmd_BZip2", "cs\Cmd_BZip2\Cmd_BZip2.csproj", "{7520CE0B-F1D4-4148-8427-BB03669D7672}"
EndProject
Project("{FAE04EC0-301F-11D3-BF4B-00C04F79EFBC}") = "Cmd_GZip", "cs\Cmd_GZip\Cmd_GZip.csproj", "{301EF496-ED72-4448-A98E-A60D6BF6E0AE}"
EndProject
Project("{FAE04EC0-301F-11D3-BF4B-00C04F79EFBC}") = "Cmd_Tar", "cs\Cmd_Tar\Cmd_Tar.csproj", "{12C2AD0C-B815-426D-AFF1-7787C2DCA0F0}"
EndProject
Project("{FAE04EC0-301F-11D3-BF4B-00C04F79EFBC}") = "Cmd_ZipInfo", "cs\Cmd_ZipInfo\Cmd_ZipInfo.csproj", "{4C2CF0B1-FA7B-4FB6-83BA-24A9549AAB02}"
EndProject
Project("{FAE04EC0-301F-11D3-BF4B-00C04F79EFBC}") = "Cmd_Checksum", "cs\Cmd_Checksum\Cmd_Checksum.csproj", "{82724A84-3399-4C27-91D2-2B2629B9E3F6}"
EndProject
Global
	GlobalSection(SolutionConfigurationPlatforms) = preSolution
		Debug|Any CPU = Debug|Any CPU
		Release|Any CPU = Release|Any CPU
	EndGlobalSection
	GlobalSection(ProjectConfigurationPlatforms) = postSolution
		{1B2FD768-E530-45B7-B14F-AE5D07B24485}.Debug|Any CPU.ActiveCfg = Debug|Any CPU
		{1B2FD768-E530-45B7-B14F-AE5D07B24485}.Debug|Any CPU.Build.0 = Debug|Any CPU
		{1B2FD768-E530-45B7-B14F-AE5D07B24485}.Release|Any CPU.ActiveCfg = Release|Any CPU
		{1B2FD768-E530-45B7-B14F-AE5D07B24485}.Release|Any CPU.Build.0 = Release|Any CPU
		{E4AFB41C-DDBB-44AD-9D64-304B7FEE66C9}.Debug|Any CPU.ActiveCfg = Debug|Any CPU
		{E4AFB41C-DDBB-44AD-9D64-304B7FEE66C9}.Debug|Any CPU.Build.0 = Debug|Any CPU
		{E4AFB41C-DDBB-44AD-9D64-304B7FEE66C9}.Release|Any CPU.ActiveCfg = Release|Any CPU
		{E4AFB41C-DDBB-44AD-9D64-304B7FEE66C9}.Release|Any CPU.Build.0 = Release|Any CPU
		{DB53264C-64AD-4B43-91A9-F5325561C77B}.Debug|Any CPU.ActiveCfg = Debug|Any CPU
		{DB53264C-64AD-4B43-91A9-F5325561C77B}.Debug|Any CPU.Build.0 = Debug|Any CPU
		{DB53264C-64AD-4B43-91A9-F5325561C77B}.Release|Any CPU.ActiveCfg = Release|Any CPU
		{DB53264C-64AD-4B43-91A9-F5325561C77B}.Release|Any CPU.Build.0 = Release|Any CPU
		{54057AFD-35E2-48C3-8419-45D57C351C1F}.Debug|Any CPU.ActiveCfg = Debug|Any CPU
		{54057AFD-35E2-48C3-8419-45D57C351C1F}.Debug|Any CPU.Build.0 = Debug|Any CPU
		{54057AFD-35E2-48C3-8419-45D57C351C1F}.Release|Any CPU.ActiveCfg = Release|Any CPU
		{54057AFD-35E2-48C3-8419-45D57C351C1F}.Release|Any CPU.Build.0 = Release|Any CPU
		{2B42AA12-DD23-4EB8-A1CD-5D0F4B772895}.Debug|Any CPU.ActiveCfg = Debug|Any CPU
		{2B42AA12-DD23-4EB8-A1CD-5D0F4B772895}.Debug|Any CPU.Build.0 = Debug|Any CPU
		{2B42AA12-DD23-4EB8-A1CD-5D0F4B772895}.Release|Any CPU.ActiveCfg = Release|Any CPU
		{2B42AA12-DD23-4EB8-A1CD-5D0F4B772895}.Release|Any CPU.Build.0 = Release|Any CPU
		{DF63551E-BB6C-4A8D-9B01-DB94F721E74A}.Debug|Any CPU.ActiveCfg = Debug|Any CPU
		{DF63551E-BB6C-4A8D-9B01-DB94F721E74A}.Debug|Any CPU.Build.0 = Debug|Any CPU
		{DF63551E-BB6C-4A8D-9B01-DB94F721E74A}.Release|Any CPU.ActiveCfg = Release|Any CPU
		{DF63551E-BB6C-4A8D-9B01-DB94F721E74A}.Release|Any CPU.Build.0 = Release|Any CPU
		{61BE8DBC-149A-4564-B891-9EEA4A09ED12}.Debug|Any CPU.ActiveCfg = Debug|Any CPU
		{61BE8DBC-149A-4564-B891-9EEA4A09ED12}.Debug|Any CPU.Build.0 = Debug|Any CPU
		{61BE8DBC-149A-4564-B891-9EEA4A09ED12}.Release|Any CPU.ActiveCfg = Release|Any CPU
		{61BE8DBC-149A-4564-B891-9EEA4A09ED12}.Release|Any CPU.Build.0 = Release|Any CPU
		{CE0CEA62-CC91-4D17-BC57-A5FCACCA6A1F}.Debug|Any CPU.ActiveCfg = Debug|Any CPU
		{CE0CEA62-CC91-4D17-BC57-A5FCACCA6A1F}.Debug|Any CPU.Build.0 = Debug|Any CPU
		{CE0CEA62-CC91-4D17-BC57-A5FCACCA6A1F}.Release|Any CPU.ActiveCfg = Release|Any CPU
		{CE0CEA62-CC91-4D17-BC57-A5FCACCA6A1F}.Release|Any CPU.Build.0 = Release|Any CPU
		{90E83588-261C-45A3-964F-4B707357D437}.Debug|Any CPU.ActiveCfg = Debug|Any CPU
		{90E83588-261C-45A3-964F-4B707357D437}.Debug|Any CPU.Build.0 = Debug|Any CPU
		{90E83588-261C-45A3-964F-4B707357D437}.Release|Any CPU.ActiveCfg = Release|Any CPU
		{90E83588-261C-45A3-964F-4B707357D437}.Release|Any CPU.Build.0 = Release|Any CPU
		{DE6AA83B-1EFA-41B0-85D9-49DA1B0202BC}.Debug|Any CPU.ActiveCfg = Debug|Any CPU
		{DE6AA83B-1EFA-41B0-85D9-49DA1B0202BC}.Debug|Any CPU.Build.0 = Debug|Any CPU
		{DE6AA83B-1EFA-41B0-85D9-49DA1B0202BC}.Release|Any CPU.ActiveCfg = Release|Any CPU
		{DE6AA83B-1EFA-41B0-85D9-49DA1B0202BC}.Release|Any CPU.Build.0 = Release|Any CPU
		{F356B460-0DEA-4F7D-9CD8-7475B9BEC1F7}.Debug|Any CPU.ActiveCfg = Debug|Any CPU
		{F356B460-0DEA-4F7D-9CD8-7475B9BEC1F7}.Debug|Any CPU.Build.0 = Debug|Any CPU
		{F356B460-0DEA-4F7D-9CD8-7475B9BEC1F7}.Release|Any CPU.ActiveCfg = Release|Any CPU
		{F356B460-0DEA-4F7D-9CD8-7475B9BEC1F7}.Release|Any CPU.Build.0 = Release|Any CPU
		{7520CE0B-F1D4-4148-8427-BB03669D7672}.Debug|Any CPU.ActiveCfg = Debug|Any CPU
		{7520CE0B-F1D4-4148-8427-BB03669D7672}.Debug|Any CPU.Build.0 = Debug|Any CPU
		{7520CE0B-F1D4-4148-8427-BB03669D7672}.Release|Any CPU.ActiveCfg = Release|Any CPU
		{7520CE0B-F1D4-4148-8427-BB03669D7672}.Release|Any CPU.Build.0 = Release|Any CPU
		{301EF496-ED72-4448-A98E-A60D6BF6E0AE}.Debug|Any CPU.ActiveCfg = Debug|Any CPU
		{301EF496-ED72-4448-A98E-A60D6BF6E0AE}.Debug|Any CPU.Build.0 = Debug|Any CPU
		{301EF496-ED72-4448-A98E-A60D6BF6E0AE}.Release|Any CPU.ActiveCfg = Release|Any CPU
		{301EF496-ED72-4448-A98E-A60D6BF6E0AE}.Release|Any CPU.Build.0 = Release|Any CPU
		{12C2AD0C-B815-426D-AFF1-7787C2DCA0F0}.Debug|Any CPU.ActiveCfg = Debug|Any CPU
		{12C2AD0C-B815-426D-AFF1-7787C2DCA0F0}.Debug|Any CPU.Build.0 = Debug|Any CPU
		{12C2AD0C-B815-426D-AFF1-7787C2DCA0F0}.Release|Any CPU.ActiveCfg = Release|Any CPU
		{12C2AD0C-B815-426D-AFF1-7787C2DCA0F0}.Release|Any CPU.Build.0 = Release|Any CPU
		{4C2CF0B1-FA7B-4FB6-83BA-24A9549AAB02}.Debug|Any CPU.ActiveCfg = Debug|Any CPU
		{4C2CF0B1-FA7B-4FB6-83BA-24A9549AAB02}.Debug|Any CPU.Build.0 = Debug|Any CPU
		{4C2CF0B1-FA7B-4FB6-83BA-24A9549AAB02}.Release|Any CPU.ActiveCfg = Release|Any CPU
		{4C2CF0B1-FA7B-4FB6-83BA-24A9549AAB02}.Release|Any CPU.Build.0 = Release|Any CPU
		{82724A84-3399-4C27-91D2-2B2629B9E3F6}.Debug|Any CPU.ActiveCfg = Debug|Any CPU
		{82724A84-3399-4C27-91D2-2B2629B9E3F6}.Debug|Any CPU.Build.0 = Debug|Any CPU
		{82724A84-3399-4C27-91D2-2B2629B9E3F6}.Release|Any CPU.ActiveCfg = Release|Any CPU
		{82724A84-3399-4C27-91D2-2B2629B9E3F6}.Release|Any CPU.Build.0 = Release|Any CPU
	EndGlobalSection
	GlobalSection(SolutionProperties) = preSolution
		HideSolutionNode = FALSE
	EndGlobalSection
	GlobalSection(NestedProjects) = preSolution
		{1B2FD768-E530-45B7-B14F-AE5D07B24485} = {F2D07126-17F2-4EBE-910D-B3838DA7C6D3}
		{E4AFB41C-DDBB-44AD-9D64-304B7FEE66C9} = {F2D07126-17F2-4EBE-910D-B3838DA7C6D3}
		{DB53264C-64AD-4B43-91A9-F5325561C77B} = {F2D07126-17F2-4EBE-910D-B3838DA7C6D3}
		{54057AFD-35E2-48C3-8419-45D57C351C1F} = {F2D07126-17F2-4EBE-910D-B3838DA7C6D3}
		{2B42AA12-DD23-4EB8-A1CD-5D0F4B772895} = {F2D07126-17F2-4EBE-910D-B3838DA7C6D3}
		{DF63551E-BB6C-4A8D-9B01-DB94F721E74A} = {07E37AC9-4F01-4D1D-B5CB-6524CA36D22A}
		{61BE8DBC-149A-4564-B891-9EEA4A09ED12} = {07E37AC9-4F01-4D1D-B5CB-6524CA36D22A}
		{CE0CEA62-CC91-4D17-BC57-A5FCACCA6A1F} = {07E37AC9-4F01-4D1D-B5CB-6524CA36D22A}
		{90E83588-261C-45A3-964F-4B707357D437} = {07E37AC9-4F01-4D1D-B5CB-6524CA36D22A}
		{DE6AA83B-1EFA-41B0-85D9-49DA1B0202BC} = {07E37AC9-4F01-4D1D-B5CB-6524CA36D22A}
		{F356B460-0DEA-4F7D-9CD8-7475B9BEC1F7} = {07E37AC9-4F01-4D1D-B5CB-6524CA36D22A}
		{7520CE0B-F1D4-4148-8427-BB03669D7672} = {07E37AC9-4F01-4D1D-B5CB-6524CA36D22A}
		{301EF496-ED72-4448-A98E-A60D6BF6E0AE} = {07E37AC9-4F01-4D1D-B5CB-6524CA36D22A}
		{12C2AD0C-B815-426D-AFF1-7787C2DCA0F0} = {07E37AC9-4F01-4D1D-B5CB-6524CA36D22A}
		{4C2CF0B1-FA7B-4FB6-83BA-24A9549AAB02} = {07E37AC9-4F01-4D1D-B5CB-6524CA36D22A}
		{82724A84-3399-4C27-91D2-2B2629B9E3F6} = {07E37AC9-4F01-4D1D-B5CB-6524CA36D22A}
	EndGlobalSection
EndGlobal
