
Microsoft Visual Studio Solution File, Format Version 9.00
# Visual Studio 2005
# SharpDevelop 2.2.0.2595
Project("{F184B08F-C81C-45F6-A57F-5ABD9991F28F}") = "zipfiletest", "zipfiletest.vbproj", "{54057AFD-35E2-48C3-8419-45D57C351C1F}"
EndProject
Global
	GlobalSection(SolutionConfigurationPlatforms) = preSolution
		Debug|Any CPU = Debug|Any CPU
		Release|Any CPU = Release|Any CPU
	EndGlobalSection
	GlobalSection(ProjectConfigurationPlatforms) = postSolution
		{54057AFD-35E2-48C3-8419-45D57C351C1F}.Debug|Any CPU.Build.0 = Debug|Any CPU
		{54057AFD-35E2-48C3-8419-45D57C351C1F}.Debug|Any CPU.ActiveCfg = Debug|Any CPU
		{54057AFD-35E2-48C3-8419-45D57C351C1F}.Release|Any CPU.Build.0 = Release|Any CPU
		{54057AFD-35E2-48C3-8419-45D57C351C1F}.Release|Any CPU.ActiveCfg = Release|Any CPU
	EndGlobalSection
EndGlobal
