Microsoft Visual Studio Solution File, Format Version 9.00
# SharpDevelop 2.0.0.1710
Project("{FAE04EC0-301F-11D3-BF4B-00C04F79EFBC}") = "zf", "zf.csproj", "{90E83588-261C-45A3-964F-4B707357D437}"
EndProject
Global
	GlobalSection(SolutionConfigurationPlatforms) = preSolution
		Debug|Any CPU = Debug|Any CPU
		Release|Any CPU = Release|Any CPU
	EndGlobalSection
	GlobalSection(ProjectConfigurationPlatforms) = postSolution
		{90E83588-261C-45A3-964F-4B707357D437}.Debug|Any CPU.Build.0 = Debug|Any CPU
		{90E83588-261C-45A3-964F-4B707357D437}.Debug|Any CPU.ActiveCfg = Debug|Any CPU
		{90E83588-261C-45A3-964F-4B707357D437}.Release|Any CPU.Build.0 = Release|Any CPU
		{90E83588-261C-45A3-964F-4B707357D437}.Release|Any CPU.ActiveCfg = Release|Any CPU
	EndGlobalSection
EndGlobal
