Microsoft Visual Studio Solution File, Format Version 7.00
Project("{F184B08F-C81C-45F6-A57F-5ABD9991F28F}") = "minigzip", "minigzip.vbproj", "{C1877B70-4E65-4EC8-B15A-605A8D93749E}"
EndProject
Global
	GlobalSection(SolutionConfiguration) = preSolution
		ConfigName.0 = Debug
		ConfigName.1 = Release
	EndGlobalSection
	GlobalSection(ProjectDependencies) = postSolution
	EndGlobalSection
	GlobalSection(ProjectConfiguration) = postSolution
		{C1877B70-4E65-4EC8-B15A-605A8D93749E}.Debug.ActiveCfg = Debug|.NET
		{C1877B70-4E65-4EC8-B15A-605A8D93749E}.Debug.Build.0 = Debug|.NET
		{C1877B70-4E65-4EC8-B15A-605A8D93749E}.Release.ActiveCfg = Release|.NET
		{C1877B70-4E65-4EC8-B15A-605A8D93749E}.Release.Build.0 = Release|.NET
	EndGlobalSection
	GlobalSection(ExtensibilityGlobals) = postSolution
	EndGlobalSection
	GlobalSection(ExtensibilityAddIns) = postSolution
	EndGlobalSection
EndGlobal
