
Microsoft Visual Studio Solution File, Format Version 9.00
# Visual Studio 2005
# SharpDevelop 2.2.0.2595
Project("{F184B08F-C81C-45F6-A57F-5ABD9991F28F}") = "minibzip2", "minibzip2.vbproj", "{E4AFB41C-DDBB-44AD-9D64-304B7FEE66C9}"
EndProject
Global
	GlobalSection(SolutionConfigurationPlatforms) = preSolution
		Debug|Any CPU = Debug|Any CPU
		Release|Any CPU = Release|Any CPU
	EndGlobalSection
	GlobalSection(ProjectConfigurationPlatforms) = postSolution
		{E4AFB41C-DDBB-44AD-9D64-304B7FEE66C9}.Debug|Any CPU.Build.0 = Debug|Any CPU
		{E4AFB41C-DDBB-44AD-9D64-304B7FEE66C9}.Debug|Any CPU.ActiveCfg = Debug|Any CPU
		{E4AFB41C-DDBB-44AD-9D64-304B7FEE66C9}.Release|Any CPU.Build.0 = Release|Any CPU
		{E4AFB41C-DDBB-44AD-9D64-304B7FEE66C9}.Release|Any CPU.ActiveCfg = Release|Any CPU
	EndGlobalSection
EndGlobal
